{
  "object": {
    "pins": [
      {
        "package": "Alamofire",
        "repositoryURL": "https://github.com/Alamofire/Alamofire.git",
        "state": {
          "branch": null,
          "revision": "f82c23a8a7ef8dc1a49a8bfc6a96883e79121864",
          "version": "5.5.0"
        }
      },
      {
        "package": "SwiftDotEnv",
        "repositoryURL": "https://github.com/SwiftOnTheServer/SwiftDotEnv.git",
        "state": {
          "branch": null,
          "revision": "2a7527210766fc726fb3d26fa9b8f295841e73df",
          "version": "2.0.1"
        }
      }
    ]
  },
  "version": 1
}
